
Microsoft Visual Studio Solution File, Format Version 12.00
Project("{FAE04EC0-301F-11D3-BF4B-00C04F79EFBC}") = "Inventory_Records", "Inventory_Records\Inventory_Records.csproj", "{5BC8A5D7-21E1-4D5A-8748-220F8A5B2E60}"
EndProject
Global
	GlobalSection(SolutionConfigurationPlatforms) = preSolution
		Debug|Any CPU = Debug|Any CPU
		Release|Any CPU = Release|Any CPU
	EndGlobalSection
	GlobalSection(ProjectConfigurationPlatforms) = postSolution
		{5BC8A5D7-21E1-4D5A-8748-220F8A5B2E60}.Debug|Any CPU.ActiveCfg = Debug|Any CPU
		{5BC8A5D7-21E1-4D5A-8748-220F8A5B2E60}.Debug|Any CPU.Build.0 = Debug|Any CPU
		{5BC8A5D7-21E1-4D5A-8748-220F8A5B2E60}.Release|Any CPU.ActiveCfg = Release|Any CPU
		{5BC8A5D7-21E1-4D5A-8748-220F8A5B2E60}.Release|Any CPU.Build.0 = Release|Any CPU
	EndGlobalSection
EndGlobal
